
Microsoft Visual Studio Solution File, Format Version 12.00
# Visual Studio Version 17
VisualStudioVersion = 17.0.31903.59
MinimumVisualStudioVersion = 10.0.40219.1
Project("{2150E333-8FDC-42A3-9474-1A3956D46DE8}") = "src", "src", "{827E0CD3-B72D-47B6-A68D-7590B98EB39B}"
EndProject
Project("{FAE04EC0-301F-11D3-BF4B-00C04F79EFBC}") = "DbSentinel.Collector", "src\DbSentinel.Collector\DbSentinel.Collector.csproj", "{BE0D3A7E-0478-495D-806A-8D61A377C9CC}"
EndProject
Project("{FAE04EC0-301F-11D3-BF4B-00C04F79EFBC}") = "DbSentinel.Parser", "src\DbSentinel.Parser\DbSentinel.Parser.csproj", "{6E03A9D2-2B7C-4D9D-B2B7-BF4713BDB727}"
EndProject
Project("{2150E333-8FDC-42A3-9474-1A3956D46DE8}") = "tests", "tests", "{0AB3BF05-4346-4AA6-1389-037BE0695223}"
EndProject
Project("{FAE04EC0-301F-11D3-BF4B-00C04F79EFBC}") = "DbSentinel.Parser.Tests", "tests\DbSentinel.Parser.Tests\DbSentinel.Parser.Tests.csproj", "{C93BC96A-FF7E-4A09-888F-F3AE5BC413FA}"
EndProject
Project("{FAE04EC0-301F-11D3-BF4B-00C04F79EFBC}") = "DbSentinel.Brain", "src\DbSentinel.Brain\DbSentinel.Brain.csproj", "{8722B5FB-8693-4BE0-BEA6-2C86811C8918}"
EndProject
Global
	GlobalSection(SolutionConfigurationPlatforms) = preSolution
		Debug|Any CPU = Debug|Any CPU
		Debug|x64 = Debug|x64
		Debug|x86 = Debug|x86
		Release|Any CPU = Release|Any CPU
		Release|x64 = Release|x64
		Release|x86 = Release|x86
	EndGlobalSection
	GlobalSection(ProjectConfigurationPlatforms) = postSolution
		{BE0D3A7E-0478-495D-806A-8D61A377C9CC}.Debug|Any CPU.ActiveCfg = Debug|Any CPU
		{BE0D3A7E-0478-495D-806A-8D61A377C9CC}.Debug|Any CPU.Build.0 = Debug|Any CPU
		{BE0D3A7E-0478-495D-806A-8D61A377C9CC}.Debug|x64.ActiveCfg = Debug|Any CPU
		{BE0D3A7E-0478-495D-806A-8D61A377C9CC}.Debug|x64.Build.0 = Debug|Any CPU
		{BE0D3A7E-0478-495D-806A-8D61A377C9CC}.Debug|x86.ActiveCfg = Debug|Any CPU
		{BE0D3A7E-0478-495D-806A-8D61A377C9CC}.Debug|x86.Build.0 = Debug|Any CPU
		{BE0D3A7E-0478-495D-806A-8D61A377C9CC}.Release|Any CPU.ActiveCfg = Release|Any CPU
		{BE0D3A7E-0478-495D-806A-8D61A377C9CC}.Release|Any CPU.Build.0 = Release|Any CPU
		{BE0D3A7E-0478-495D-806A-8D61A377C9CC}.Release|x64.ActiveCfg = Release|Any CPU
		{BE0D3A7E-0478-495D-806A-8D61A377C9CC}.Release|x64.Build.0 = Release|Any CPU
		{BE0D3A7E-0478-495D-806A-8D61A377C9CC}.Release|x86.ActiveCfg = Release|Any CPU
		{BE0D3A7E-0478-495D-806A-8D61A377C9CC}.Release|x86.Build.0 = Release|Any CPU
		{6E03A9D2-2B7C-4D9D-B2B7-BF4713BDB727}.Debug|Any CPU.ActiveCfg = Debug|Any CPU
		{6E03A9D2-2B7C-4D9D-B2B7-BF4713BDB727}.Debug|Any CPU.Build.0 = Debug|Any CPU
		{6E03A9D2-2B7C-4D9D-B2B7-BF4713BDB727}.Debug|x64.ActiveCfg = Debug|Any CPU
		{6E03A9D2-2B7C-4D9D-B2B7-BF4713BDB727}.Debug|x64.Build.0 = Debug|Any CPU
		{6E03A9D2-2B7C-4D9D-B2B7-BF4713BDB727}.Debug|x86.ActiveCfg = Debug|Any CPU
		{6E03A9D2-2B7C-4D9D-B2B7-BF4713BDB727}.Debug|x86.Build.0 = Debug|Any CPU
		{6E03A9D2-2B7C-4D9D-B2B7-BF4713BDB727}.Release|Any CPU.ActiveCfg = Release|Any CPU
		{6E03A9D2-2B7C-4D9D-B2B7-BF4713BDB727}.Release|Any CPU.Build.0 = Release|Any CPU
		{6E03A9D2-2B7C-4D9D-B2B7-BF4713BDB727}.Release|x64.ActiveCfg = Release|Any CPU
		{6E03A9D2-2B7C-4D9D-B2B7-BF4713BDB727}.Release|x64.Build.0 = Release|Any CPU
		{6E03A9D2-2B7C-4D9D-B2B7-BF4713BDB727}.Release|x86.ActiveCfg = Release|Any CPU
		{6E03A9D2-2B7C-4D9D-B2B7-BF4713BDB727}.Release|x86.Build.0 = Release|Any CPU
		{C93BC96A-FF7E-4A09-888F-F3AE5BC413FA}.Debug|Any CPU.ActiveCfg = Debug|Any CPU
		{C93BC96A-FF7E-4A09-888F-F3AE5BC413FA}.Debug|Any CPU.Build.0 = Debug|Any CPU
		{C93BC96A-FF7E-4A09-888F-F3AE5BC413FA}.Debug|x64.ActiveCfg = Debug|Any CPU
		{C93BC96A-FF7E-4A09-888F-F3AE5BC413FA}.Debug|x64.Build.0 = Debug|Any CPU
		{C93BC96A-FF7E-4A09-888F-F3AE5BC413FA}.Debug|x86.ActiveCfg = Debug|Any CPU
		{C93BC96A-FF7E-4A09-888F-F3AE5BC413FA}.Debug|x86.Build.0 = Debug|Any CPU
		{C93BC96A-FF7E-4A09-888F-F3AE5BC413FA}.Release|Any CPU.ActiveCfg = Release|Any CPU
		{C93BC96A-FF7E-4A09-888F-F3AE5BC413FA}.Release|Any CPU.Build.0 = Release|Any CPU
		{C93BC96A-FF7E-4A09-888F-F3AE5BC413FA}.Release|x64.ActiveCfg = Release|Any CPU
		{C93BC96A-FF7E-4A09-888F-F3AE5BC413FA}.Release|x64.Build.0 = Release|Any CPU
		{C93BC96A-FF7E-4A09-888F-F3AE5BC413FA}.Release|x86.ActiveCfg = Release|Any CPU
		{C93BC96A-FF7E-4A09-888F-F3AE5BC413FA}.Release|x86.Build.0 = Release|Any CPU
		{8722B5FB-8693-4BE0-BEA6-2C86811C8918}.Debug|Any CPU.ActiveCfg = Debug|Any CPU
		{8722B5FB-8693-4BE0-BEA6-2C86811C8918}.Debug|Any CPU.Build.0 = Debug|Any CPU
		{8722B5FB-8693-4BE0-BEA6-2C86811C8918}.Debug|x64.ActiveCfg = Debug|Any CPU
		{8722B5FB-8693-4BE0-BEA6-2C86811C8918}.Debug|x64.Build.0 = Debug|Any CPU
		{8722B5FB-8693-4BE0-BEA6-2C86811C8918}.Debug|x86.ActiveCfg = Debug|Any CPU
		{8722B5FB-8693-4BE0-BEA6-2C86811C8918}.Debug|x86.Build.0 = Debug|Any CPU
		{8722B5FB-8693-4BE0-BEA6-2C86811C8918}.Release|Any CPU.ActiveCfg = Release|Any CPU
		{8722B5FB-8693-4BE0-BEA6-2C86811C8918}.Release|Any CPU.Build.0 = Release|Any CPU
		{8722B5FB-8693-4BE0-BEA6-2C86811C8918}.Release|x64.ActiveCfg = Release|Any CPU
		{8722B5FB-8693-4BE0-BEA6-2C86811C8918}.Release|x64.Build.0 = Release|Any CPU
		{8722B5FB-8693-4BE0-BEA6-2C86811C8918}.Release|x86.ActiveCfg = Release|Any CPU
		{8722B5FB-8693-4BE0-BEA6-2C86811C8918}.Release|x86.Build.0 = Release|Any CPU
	EndGlobalSection
	GlobalSection(SolutionProperties) = preSolution
		HideSolutionNode = FALSE
	EndGlobalSection
	GlobalSection(NestedProjects) = preSolution
		{BE0D3A7E-0478-495D-806A-8D61A377C9CC} = {827E0CD3-B72D-47B6-A68D-7590B98EB39B}
		{6E03A9D2-2B7C-4D9D-B2B7-BF4713BDB727} = {827E0CD3-B72D-47B6-A68D-7590B98EB39B}
		{C93BC96A-FF7E-4A09-888F-F3AE5BC413FA} = {0AB3BF05-4346-4AA6-1389-037BE0695223}
		{8722B5FB-8693-4BE0-BEA6-2C86811C8918} = {827E0CD3-B72D-47B6-A68D-7590B98EB39B}
	EndGlobalSection
EndGlobal
